
Microsoft Visual Studio Solution File, Format Version 12.00
# Visual Studio 14
VisualStudioVersion = 14.0.25420.1
MinimumVisualStudioVersion = 10.0.40219.1
Project("{FAE04EC0-301F-11D3-BF4B-00C04F79EFBC}") = "Modelos", "Modelos\Modelos.csproj", "{3D35AD9D-6F47-4945-9488-F0D0D2AC5004}"
EndProject
Project("{FAE04EC0-301F-11D3-BF4B-00C04F79EFBC}") = "ReglasDeNegocio", "ReglasDeNegocio\ReglasDeNegocio.csproj", "{57504409-714A-4FCB-95F2-67BC1821C3B0}"
EndProject
Project("{FAE04EC0-301F-11D3-BF4B-00C04F79EFBC}") = "PueblosMagicos.Inventario.iOS", "PueblosMagicos.Inventario.iOS\PueblosMagicos.Inventario.iOS.csproj", "{CCC0E15B-68EC-4187-A534-623B5880F745}"
EndProject
Project("{2150E333-8FDC-42A3-9474-1A3956D46DE8}") = ".nuget", ".nuget", "{03CD7995-9BA8-4E7E-A018-7999DB9625F4}"
	ProjectSection(SolutionItems) = preProject
		.nuget\NuGet.Config = .nuget\NuGet.Config
		.nuget\NuGet.exe = .nuget\NuGet.exe
		.nuget\NuGet.targets = .nuget\NuGet.targets
	EndProjectSection
EndProject
Project("{FAE04EC0-301F-11D3-BF4B-00C04F79EFBC}") = "PueblosMagicos.Android.Inventario", "PueblosMagicos.Android.Inventario\PueblosMagicos.Android.Inventario.csproj", "{19527035-AF5A-490F-8FE4-C213E484DDCE}"
EndProject
Project("{FAE04EC0-301F-11D3-BF4B-00C04F79EFBC}") = "MapDemo", "MapDemo\MapDemo.csproj", "{C1412A3C-13E3-43A2-94A7-A7DAD19D3EDD}"
EndProject
Global
	GlobalSection(SolutionConfigurationPlatforms) = preSolution
		Ad-Hoc|Any CPU = Ad-Hoc|Any CPU
		Ad-Hoc|iPhone = Ad-Hoc|iPhone
		Ad-Hoc|iPhoneSimulator = Ad-Hoc|iPhoneSimulator
		Ad-Hoc|Mixed Platforms = Ad-Hoc|Mixed Platforms
		AppStore|Any CPU = AppStore|Any CPU
		AppStore|iPhone = AppStore|iPhone
		AppStore|iPhoneSimulator = AppStore|iPhoneSimulator
		AppStore|Mixed Platforms = AppStore|Mixed Platforms
		Debug|Any CPU = Debug|Any CPU
		Debug|iPhone = Debug|iPhone
		Debug|iPhoneSimulator = Debug|iPhoneSimulator
		Debug|Mixed Platforms = Debug|Mixed Platforms
		Release|Any CPU = Release|Any CPU
		Release|iPhone = Release|iPhone
		Release|iPhoneSimulator = Release|iPhoneSimulator
		Release|Mixed Platforms = Release|Mixed Platforms
	EndGlobalSection
	GlobalSection(ProjectConfigurationPlatforms) = postSolution
		{3D35AD9D-6F47-4945-9488-F0D0D2AC5004}.Ad-Hoc|Any CPU.ActiveCfg = Release|Any CPU
		{3D35AD9D-6F47-4945-9488-F0D0D2AC5004}.Ad-Hoc|Any CPU.Build.0 = Release|Any CPU
		{3D35AD9D-6F47-4945-9488-F0D0D2AC5004}.Ad-Hoc|iPhone.ActiveCfg = Release|Any CPU
		{3D35AD9D-6F47-4945-9488-F0D0D2AC5004}.Ad-Hoc|iPhone.Build.0 = Release|Any CPU
		{3D35AD9D-6F47-4945-9488-F0D0D2AC5004}.Ad-Hoc|iPhoneSimulator.ActiveCfg = Release|Any CPU
		{3D35AD9D-6F47-4945-9488-F0D0D2AC5004}.Ad-Hoc|iPhoneSimulator.Build.0 = Release|Any CPU
		{3D35AD9D-6F47-4945-9488-F0D0D2AC5004}.Ad-Hoc|Mixed Platforms.ActiveCfg = Debug|Any CPU
		{3D35AD9D-6F47-4945-9488-F0D0D2AC5004}.Ad-Hoc|Mixed Platforms.Build.0 = Debug|Any CPU
		{3D35AD9D-6F47-4945-9488-F0D0D2AC5004}.AppStore|Any CPU.ActiveCfg = Release|Any CPU
		{3D35AD9D-6F47-4945-9488-F0D0D2AC5004}.AppStore|Any CPU.Build.0 = Release|Any CPU
		{3D35AD9D-6F47-4945-9488-F0D0D2AC5004}.AppStore|iPhone.ActiveCfg = Release|Any CPU
		{3D35AD9D-6F47-4945-9488-F0D0D2AC5004}.AppStore|iPhone.Build.0 = Release|Any CPU
		{3D35AD9D-6F47-4945-9488-F0D0D2AC5004}.AppStore|iPhoneSimulator.ActiveCfg = Release|Any CPU
		{3D35AD9D-6F47-4945-9488-F0D0D2AC5004}.AppStore|iPhoneSimulator.Build.0 = Release|Any CPU
		{3D35AD9D-6F47-4945-9488-F0D0D2AC5004}.AppStore|Mixed Platforms.ActiveCfg = Debug|Any CPU
		{3D35AD9D-6F47-4945-9488-F0D0D2AC5004}.AppStore|Mixed Platforms.Build.0 = Debug|Any CPU
		{3D35AD9D-6F47-4945-9488-F0D0D2AC5004}.Debug|Any CPU.ActiveCfg = Debug|Any CPU
		{3D35AD9D-6F47-4945-9488-F0D0D2AC5004}.Debug|Any CPU.Build.0 = Debug|Any CPU
		{3D35AD9D-6F47-4945-9488-F0D0D2AC5004}.Debug|iPhone.ActiveCfg = Debug|Any CPU
		{3D35AD9D-6F47-4945-9488-F0D0D2AC5004}.Debug|iPhone.Build.0 = Debug|Any CPU
		{3D35AD9D-6F47-4945-9488-F0D0D2AC5004}.Debug|iPhoneSimulator.ActiveCfg = Debug|Any CPU
		{3D35AD9D-6F47-4945-9488-F0D0D2AC5004}.Debug|iPhoneSimulator.Build.0 = Debug|Any CPU
		{3D35AD9D-6F47-4945-9488-F0D0D2AC5004}.Debug|Mixed Platforms.ActiveCfg = Debug|Any CPU
		{3D35AD9D-6F47-4945-9488-F0D0D2AC5004}.Debug|Mixed Platforms.Build.0 = Debug|Any CPU
		{3D35AD9D-6F47-4945-9488-F0D0D2AC5004}.Release|Any CPU.ActiveCfg = Release|Any CPU
		{3D35AD9D-6F47-4945-9488-F0D0D2AC5004}.Release|Any CPU.Build.0 = Release|Any CPU
		{3D35AD9D-6F47-4945-9488-F0D0D2AC5004}.Release|iPhone.ActiveCfg = Release|Any CPU
		{3D35AD9D-6F47-4945-9488-F0D0D2AC5004}.Release|iPhone.Build.0 = Release|Any CPU
		{3D35AD9D-6F47-4945-9488-F0D0D2AC5004}.Release|iPhoneSimulator.ActiveCfg = Release|Any CPU
		{3D35AD9D-6F47-4945-9488-F0D0D2AC5004}.Release|iPhoneSimulator.Build.0 = Release|Any CPU
		{3D35AD9D-6F47-4945-9488-F0D0D2AC5004}.Release|Mixed Platforms.ActiveCfg = Release|Any CPU
		{3D35AD9D-6F47-4945-9488-F0D0D2AC5004}.Release|Mixed Platforms.Build.0 = Release|Any CPU
		{57504409-714A-4FCB-95F2-67BC1821C3B0}.Ad-Hoc|Any CPU.ActiveCfg = Release|Any CPU
		{57504409-714A-4FCB-95F2-67BC1821C3B0}.Ad-Hoc|Any CPU.Build.0 = Release|Any CPU
		{57504409-714A-4FCB-95F2-67BC1821C3B0}.Ad-Hoc|iPhone.ActiveCfg = Release|Any CPU
		{57504409-714A-4FCB-95F2-67BC1821C3B0}.Ad-Hoc|iPhone.Build.0 = Release|Any CPU
		{57504409-714A-4FCB-95F2-67BC1821C3B0}.Ad-Hoc|iPhoneSimulator.ActiveCfg = Release|Any CPU
		{57504409-714A-4FCB-95F2-67BC1821C3B0}.Ad-Hoc|iPhoneSimulator.Build.0 = Release|Any CPU
		{57504409-714A-4FCB-95F2-67BC1821C3B0}.Ad-Hoc|Mixed Platforms.ActiveCfg = Debug|Any CPU
		{57504409-714A-4FCB-95F2-67BC1821C3B0}.Ad-Hoc|Mixed Platforms.Build.0 = Debug|Any CPU
		{57504409-714A-4FCB-95F2-67BC1821C3B0}.AppStore|Any CPU.ActiveCfg = Release|Any CPU
		{57504409-714A-4FCB-95F2-67BC1821C3B0}.AppStore|Any CPU.Build.0 = Release|Any CPU
		{57504409-714A-4FCB-95F2-67BC1821C3B0}.AppStore|iPhone.ActiveCfg = Release|Any CPU
		{57504409-714A-4FCB-95F2-67BC1821C3B0}.AppStore|iPhone.Build.0 = Release|Any CPU
		{57504409-714A-4FCB-95F2-67BC1821C3B0}.AppStore|iPhoneSimulator.ActiveCfg = Release|Any CPU
		{57504409-714A-4FCB-95F2-67BC1821C3B0}.AppStore|iPhoneSimulator.Build.0 = Release|Any CPU
		{57504409-714A-4FCB-95F2-67BC1821C3B0}.AppStore|Mixed Platforms.ActiveCfg = Debug|Any CPU
		{57504409-714A-4FCB-95F2-67BC1821C3B0}.AppStore|Mixed Platforms.Build.0 = Debug|Any CPU
		{57504409-714A-4FCB-95F2-67BC1821C3B0}.Debug|Any CPU.ActiveCfg = Debug|Any CPU
		{57504409-714A-4FCB-95F2-67BC1821C3B0}.Debug|Any CPU.Build.0 = Debug|Any CPU
		{57504409-714A-4FCB-95F2-67BC1821C3B0}.Debug|iPhone.ActiveCfg = Debug|Any CPU
		{57504409-714A-4FCB-95F2-67BC1821C3B0}.Debug|iPhone.Build.0 = Debug|Any CPU
		{57504409-714A-4FCB-95F2-67BC1821C3B0}.Debug|iPhoneSimulator.ActiveCfg = Debug|Any CPU
		{57504409-714A-4FCB-95F2-67BC1821C3B0}.Debug|iPhoneSimulator.Build.0 = Debug|Any CPU
		{57504409-714A-4FCB-95F2-67BC1821C3B0}.Debug|Mixed Platforms.ActiveCfg = Debug|Any CPU
		{57504409-714A-4FCB-95F2-67BC1821C3B0}.Debug|Mixed Platforms.Build.0 = Debug|Any CPU
		{57504409-714A-4FCB-95F2-67BC1821C3B0}.Release|Any CPU.ActiveCfg = Release|Any CPU
		{57504409-714A-4FCB-95F2-67BC1821C3B0}.Release|Any CPU.Build.0 = Release|Any CPU
		{57504409-714A-4FCB-95F2-67BC1821C3B0}.Release|iPhone.ActiveCfg = Release|Any CPU
		{57504409-714A-4FCB-95F2-67BC1821C3B0}.Release|iPhone.Build.0 = Release|Any CPU
		{57504409-714A-4FCB-95F2-67BC1821C3B0}.Release|iPhoneSimulator.ActiveCfg = Release|Any CPU
		{57504409-714A-4FCB-95F2-67BC1821C3B0}.Release|iPhoneSimulator.Build.0 = Release|Any CPU
		{57504409-714A-4FCB-95F2-67BC1821C3B0}.Release|Mixed Platforms.ActiveCfg = Release|Any CPU
		{57504409-714A-4FCB-95F2-67BC1821C3B0}.Release|Mixed Platforms.Build.0 = Release|Any CPU
		{CCC0E15B-68EC-4187-A534-623B5880F745}.Ad-Hoc|Any CPU.ActiveCfg = Ad-Hoc|iPhone
		{CCC0E15B-68EC-4187-A534-623B5880F745}.Ad-Hoc|iPhone.ActiveCfg = Ad-Hoc|iPhone
		{CCC0E15B-68EC-4187-A534-623B5880F745}.Ad-Hoc|iPhone.Build.0 = Ad-Hoc|iPhone
		{CCC0E15B-68EC-4187-A534-623B5880F745}.Ad-Hoc|iPhoneSimulator.ActiveCfg = Ad-Hoc|iPhoneSimulator
		{CCC0E15B-68EC-4187-A534-623B5880F745}.Ad-Hoc|iPhoneSimulator.Build.0 = Ad-Hoc|iPhoneSimulator
		{CCC0E15B-68EC-4187-A534-623B5880F745}.Ad-Hoc|Mixed Platforms.ActiveCfg = Ad-Hoc|iPhoneSimulator
		{CCC0E15B-68EC-4187-A534-623B5880F745}.Ad-Hoc|Mixed Platforms.Build.0 = Ad-Hoc|iPhoneSimulator
		{CCC0E15B-68EC-4187-A534-623B5880F745}.AppStore|Any CPU.ActiveCfg = AppStore|iPhone
		{CCC0E15B-68EC-4187-A534-623B5880F745}.AppStore|iPhone.ActiveCfg = AppStore|iPhone
		{CCC0E15B-68EC-4187-A534-623B5880F745}.AppStore|iPhone.Build.0 = AppStore|iPhone
		{CCC0E15B-68EC-4187-A534-623B5880F745}.AppStore|iPhoneSimulator.ActiveCfg = AppStore|iPhoneSimulator
		{CCC0E15B-68EC-4187-A534-623B5880F745}.AppStore|iPhoneSimulator.Build.0 = AppStore|iPhoneSimulator
		{CCC0E15B-68EC-4187-A534-623B5880F745}.AppStore|Mixed Platforms.ActiveCfg = AppStore|iPhoneSimulator
		{CCC0E15B-68EC-4187-A534-623B5880F745}.AppStore|Mixed Platforms.Build.0 = AppStore|iPhoneSimulator
		{CCC0E15B-68EC-4187-A534-623B5880F745}.Debug|Any CPU.ActiveCfg = Debug|iPhone
		{CCC0E15B-68EC-4187-A534-623B5880F745}.Debug|iPhone.ActiveCfg = Debug|iPhone
		{CCC0E15B-68EC-4187-A534-623B5880F745}.Debug|iPhoneSimulator.ActiveCfg = Debug|iPhoneSimulator
		{CCC0E15B-68EC-4187-A534-623B5880F745}.Debug|iPhoneSimulator.Build.0 = Debug|iPhoneSimulator
		{CCC0E15B-68EC-4187-A534-623B5880F745}.Debug|Mixed Platforms.ActiveCfg = Debug|iPhoneSimulator
		{CCC0E15B-68EC-4187-A534-623B5880F745}.Debug|Mixed Platforms.Build.0 = Debug|iPhoneSimulator
		{CCC0E15B-68EC-4187-A534-623B5880F745}.Release|Any CPU.ActiveCfg = Release|iPhone
		{CCC0E15B-68EC-4187-A534-623B5880F745}.Release|iPhone.ActiveCfg = Release|iPhone
		{CCC0E15B-68EC-4187-A534-623B5880F745}.Release|iPhone.Build.0 = Release|iPhone
		{CCC0E15B-68EC-4187-A534-623B5880F745}.Release|iPhoneSimulator.ActiveCfg = Release|iPhoneSimulator
		{CCC0E15B-68EC-4187-A534-623B5880F745}.Release|iPhoneSimulator.Build.0 = Release|iPhoneSimulator
		{CCC0E15B-68EC-4187-A534-623B5880F745}.Release|Mixed Platforms.ActiveCfg = Release|iPhoneSimulator
		{CCC0E15B-68EC-4187-A534-623B5880F745}.Release|Mixed Platforms.Build.0 = Release|iPhoneSimulator
		{19527035-AF5A-490F-8FE4-C213E484DDCE}.Ad-Hoc|Any CPU.ActiveCfg = Release|Any CPU
		{19527035-AF5A-490F-8FE4-C213E484DDCE}.Ad-Hoc|Any CPU.Build.0 = Release|Any CPU
		{19527035-AF5A-490F-8FE4-C213E484DDCE}.Ad-Hoc|Any CPU.Deploy.0 = Release|Any CPU
		{19527035-AF5A-490F-8FE4-C213E484DDCE}.Ad-Hoc|iPhone.ActiveCfg = Release|Any CPU
		{19527035-AF5A-490F-8FE4-C213E484DDCE}.Ad-Hoc|iPhoneSimulator.ActiveCfg = Release|Any CPU
		{19527035-AF5A-490F-8FE4-C213E484DDCE}.Ad-Hoc|Mixed Platforms.ActiveCfg = Release|Any CPU
		{19527035-AF5A-490F-8FE4-C213E484DDCE}.Ad-Hoc|Mixed Platforms.Build.0 = Release|Any CPU
		{19527035-AF5A-490F-8FE4-C213E484DDCE}.Ad-Hoc|Mixed Platforms.Deploy.0 = Release|Any CPU
		{19527035-AF5A-490F-8FE4-C213E484DDCE}.AppStore|Any CPU.ActiveCfg = Release|Any CPU
		{19527035-AF5A-490F-8FE4-C213E484DDCE}.AppStore|Any CPU.Build.0 = Release|Any CPU
		{19527035-AF5A-490F-8FE4-C213E484DDCE}.AppStore|Any CPU.Deploy.0 = Release|Any CPU
		{19527035-AF5A-490F-8FE4-C213E484DDCE}.AppStore|iPhone.ActiveCfg = Release|Any CPU
		{19527035-AF5A-490F-8FE4-C213E484DDCE}.AppStore|iPhoneSimulator.ActiveCfg = Release|Any CPU
		{19527035-AF5A-490F-8FE4-C213E484DDCE}.AppStore|Mixed Platforms.ActiveCfg = Release|Any CPU
		{19527035-AF5A-490F-8FE4-C213E484DDCE}.AppStore|Mixed Platforms.Build.0 = Release|Any CPU
		{19527035-AF5A-490F-8FE4-C213E484DDCE}.AppStore|Mixed Platforms.Deploy.0 = Release|Any CPU
		{19527035-AF5A-490F-8FE4-C213E484DDCE}.Debug|Any CPU.ActiveCfg = Debug|Any CPU
		{19527035-AF5A-490F-8FE4-C213E484DDCE}.Debug|Any CPU.Build.0 = Debug|Any CPU
		{19527035-AF5A-490F-8FE4-C213E484DDCE}.Debug|Any CPU.Deploy.0 = Debug|Any CPU
		{19527035-AF5A-490F-8FE4-C213E484DDCE}.Debug|iPhone.ActiveCfg = Debug|Any CPU
		{19527035-AF5A-490F-8FE4-C213E484DDCE}.Debug|iPhoneSimulator.ActiveCfg = Debug|Any CPU
		{19527035-AF5A-490F-8FE4-C213E484DDCE}.Debug|Mixed Platforms.ActiveCfg = Debug|Any CPU
		{19527035-AF5A-490F-8FE4-C213E484DDCE}.Debug|Mixed Platforms.Build.0 = Debug|Any CPU
		{19527035-AF5A-490F-8FE4-C213E484DDCE}.Debug|Mixed Platforms.Deploy.0 = Debug|Any CPU
		{19527035-AF5A-490F-8FE4-C213E484DDCE}.Release|Any CPU.ActiveCfg = Release|Any CPU
		{19527035-AF5A-490F-8FE4-C213E484DDCE}.Release|Any CPU.Build.0 = Release|Any CPU
		{19527035-AF5A-490F-8FE4-C213E484DDCE}.Release|Any CPU.Deploy.0 = Release|Any CPU
		{19527035-AF5A-490F-8FE4-C213E484DDCE}.Release|iPhone.ActiveCfg = Release|Any CPU
		{19527035-AF5A-490F-8FE4-C213E484DDCE}.Release|iPhoneSimulator.ActiveCfg = Release|Any CPU
		{19527035-AF5A-490F-8FE4-C213E484DDCE}.Release|Mixed Platforms.ActiveCfg = Release|Any CPU
		{19527035-AF5A-490F-8FE4-C213E484DDCE}.Release|Mixed Platforms.Build.0 = Release|Any CPU
		{19527035-AF5A-490F-8FE4-C213E484DDCE}.Release|Mixed Platforms.Deploy.0 = Release|Any CPU
		{C1412A3C-13E3-43A2-94A7-A7DAD19D3EDD}.Ad-Hoc|Any CPU.ActiveCfg = Release|Any CPU
		{C1412A3C-13E3-43A2-94A7-A7DAD19D3EDD}.Ad-Hoc|Any CPU.Build.0 = Release|Any CPU
		{C1412A3C-13E3-43A2-94A7-A7DAD19D3EDD}.Ad-Hoc|Any CPU.Deploy.0 = Release|Any CPU
		{C1412A3C-13E3-43A2-94A7-A7DAD19D3EDD}.Ad-Hoc|iPhone.ActiveCfg = Release|Any CPU
		{C1412A3C-13E3-43A2-94A7-A7DAD19D3EDD}.Ad-Hoc|iPhoneSimulator.ActiveCfg = Release|Any CPU
		{C1412A3C-13E3-43A2-94A7-A7DAD19D3EDD}.Ad-Hoc|Mixed Platforms.ActiveCfg = Release|Any CPU
		{C1412A3C-13E3-43A2-94A7-A7DAD19D3EDD}.Ad-Hoc|Mixed Platforms.Build.0 = Release|Any CPU
		{C1412A3C-13E3-43A2-94A7-A7DAD19D3EDD}.Ad-Hoc|Mixed Platforms.Deploy.0 = Release|Any CPU
		{C1412A3C-13E3-43A2-94A7-A7DAD19D3EDD}.AppStore|Any CPU.ActiveCfg = Release|Any CPU
		{C1412A3C-13E3-43A2-94A7-A7DAD19D3EDD}.AppStore|Any CPU.Build.0 = Release|Any CPU
		{C1412A3C-13E3-43A2-94A7-A7DAD19D3EDD}.AppStore|Any CPU.Deploy.0 = Release|Any CPU
		{C1412A3C-13E3-43A2-94A7-A7DAD19D3EDD}.AppStore|iPhone.ActiveCfg = Release|Any CPU
		{C1412A3C-13E3-43A2-94A7-A7DAD19D3EDD}.AppStore|iPhoneSimulator.ActiveCfg = Release|Any CPU
		{C1412A3C-13E3-43A2-94A7-A7DAD19D3EDD}.AppStore|Mixed Platforms.ActiveCfg = Release|Any CPU
		{C1412A3C-13E3-43A2-94A7-A7DAD19D3EDD}.AppStore|Mixed Platforms.Build.0 = Release|Any CPU
		{C1412A3C-13E3-43A2-94A7-A7DAD19D3EDD}.AppStore|Mixed Platforms.Deploy.0 = Release|Any CPU
		{C1412A3C-13E3-43A2-94A7-A7DAD19D3EDD}.Debug|Any CPU.ActiveCfg = Debug|Any CPU
		{C1412A3C-13E3-43A2-94A7-A7DAD19D3EDD}.Debug|Any CPU.Build.0 = Debug|Any CPU
		{C1412A3C-13E3-43A2-94A7-A7DAD19D3EDD}.Debug|Any CPU.Deploy.0 = Debug|Any CPU
		{C1412A3C-13E3-43A2-94A7-A7DAD19D3EDD}.Debug|iPhone.ActiveCfg = Debug|Any CPU
		{C1412A3C-13E3-43A2-94A7-A7DAD19D3EDD}.Debug|iPhoneSimulator.ActiveCfg = Debug|Any CPU
		{C1412A3C-13E3-43A2-94A7-A7DAD19D3EDD}.Debug|Mixed Platforms.ActiveCfg = Debug|Any CPU
		{C1412A3C-13E3-43A2-94A7-A7DAD19D3EDD}.Debug|Mixed Platforms.Build.0 = Debug|Any CPU
		{C1412A3C-13E3-43A2-94A7-A7DAD19D3EDD}.Debug|Mixed Platforms.Deploy.0 = Debug|Any CPU
		{C1412A3C-13E3-43A2-94A7-A7DAD19D3EDD}.Release|Any CPU.ActiveCfg = Release|Any CPU
		{C1412A3C-13E3-43A2-94A7-A7DAD19D3EDD}.Release|Any CPU.Build.0 = Release|Any CPU
		{C1412A3C-13E3-43A2-94A7-A7DAD19D3EDD}.Release|Any CPU.Deploy.0 = Release|Any CPU
		{C1412A3C-13E3-43A2-94A7-A7DAD19D3EDD}.Release|iPhone.ActiveCfg = Release|Any CPU
		{C1412A3C-13E3-43A2-94A7-A7DAD19D3EDD}.Release|iPhoneSimulator.ActiveCfg = Release|Any CPU
		{C1412A3C-13E3-43A2-94A7-A7DAD19D3EDD}.Release|Mixed Platforms.ActiveCfg = Release|Any CPU
		{C1412A3C-13E3-43A2-94A7-A7DAD19D3EDD}.Release|Mixed Platforms.Build.0 = Release|Any CPU
		{C1412A3C-13E3-43A2-94A7-A7DAD19D3EDD}.Release|Mixed Platforms.Deploy.0 = Release|Any CPU
	EndGlobalSection
	GlobalSection(SolutionProperties) = preSolution
		HideSolutionNode = FALSE
	EndGlobalSection
	GlobalSection(TeamFoundationVersionControl) = preSolution
		SccNumberOfProjects = 6
		SccEnterpriseProvider = {4CA58AB2-18FA-4F8D-95D4-32DDF27D184C}
		SccTeamFoundationServer = https://edlcm.visualstudio.com/
		SccLocalPath0 = .
		SccProjectUniqueName1 = Modelos\\Modelos.csproj
		SccProjectName1 = Modelos
		SccLocalPath1 = Modelos
		SccProjectUniqueName2 = PueblosMagicos.Inventario.iOS\\PueblosMagicos.Inventario.iOS.csproj
		SccProjectName2 = PueblosMagicos.Inventario.iOS
		SccLocalPath2 = PueblosMagicos.Inventario.iOS
		SccProjectUniqueName3 = ReglasDeNegocio\\ReglasDeNegocio.csproj
		SccProjectName3 = ReglasDeNegocio
		SccLocalPath3 = ReglasDeNegocio
		SccProjectUniqueName4 = PueblosMagicos.Android.Inventario\\PueblosMagicos.Android.Inventario.csproj
		SccProjectName4 = PueblosMagicos.Android.Inventario
		SccLocalPath4 = PueblosMagicos.Android.Inventario
		SccProjectUniqueName5 = MapDemo\\MapDemo.csproj
		SccProjectName5 = MapDemo
		SccLocalPath5 = MapDemo
	EndGlobalSection
EndGlobal
